Microsoft Visual Studio Solution File, Format Version 12.00
# Visual Studio Version 17
VisualStudioVersion = 17.5.2.0
MinimumVisualStudioVersion = 10.0.40219.1
Project("{FAE04EC0-301F-11D3-BF4B-00C04F79EFBC}") = "TaskWorkerApp", "TaskWorkerApp.csproj", "{EE860D99-D57F-E8DF-AC10-2F9CB734EB6C}"
EndProject
Global
	GlobalSection(SolutionConfigurationPlatforms) = preSolution
		Debug|Any CPU = Debug|Any CPU
		Release|Any CPU = Release|Any CPU
	EndGlobalSection
	GlobalSection(ProjectConfigurationPlatforms) = postSolution
		{EE860D99-D57F-E8DF-AC10-2F9CB734EB6C}.Debug|Any CPU.ActiveCfg = Debug|Any CPU
		{EE860D99-D57F-E8DF-AC10-2F9CB734EB6C}.Debug|Any CPU.Build.0 = Debug|Any CPU
		{EE860D99-D57F-E8DF-AC10-2F9CB734EB6C}.Release|Any CPU.ActiveCfg = Release|Any CPU
		{EE860D99-D57F-E8DF-AC10-2F9CB734EB6C}.Release|Any CPU.Build.0 = Release|Any CPU
	EndGlobalSection
	GlobalSection(SolutionProperties) = preSolution
		HideSolutionNode = FALSE
	EndGlobalSection
	GlobalSection(ExtensibilityGlobals) = postSolution
		SolutionGuid = {B6268E71-10F1-4072-A3E7-2D0DC0817BC2}
	EndGlobalSection
EndGlobal
